# THIS IS AN AUTOGENERATED FILE. DO NOT EDIT THIS FILE DIRECTLY.
# yarn lockfile v1


javascript-state-machine@^3.1.0:
  version "3.1.0"
  resolved "https://registry.yarnpkg.com/javascript-state-machine/-/javascript-state-machine-3.1.0.tgz#06eeb2136a6a19ae1b56105c25caec283dd5cd14"
  integrity sha512-BwhYxQ1OPenBPXC735RgfB+ZUG8H3kjsx8hrYTgWnoy6TPipEy4fiicyhT2lxRKAXq9pG7CfFT8a2HLr6Hmwxg==
